
Microsoft Visual Studio Solution File, Format Version 12.00
# Visual Studio 15
VisualStudioVersion = 15.0.27703.2042
MinimumVisualStudioVersion = 10.0.40219.1
Project("{FAE04EC0-301F-11D3-BF4B-00C04F79EFBC}") = "JunBoard", "JunBoard\JunBoard.csproj", "{2138F906-2B69-4A26-934A-B4115ADED014}"
EndProject
Global
	GlobalSection(SolutionConfigurationPlatforms) = preSolution
		Debug|Any CPU = Debug|Any CPU
		Release|Any CPU = Release|Any CPU
	EndGlobalSection
	GlobalSection(ProjectConfigurationPlatforms) = postSolution
		{2138F906-2B69-4A26-934A-B4115ADED014}.Debug|Any CPU.ActiveCfg = Debug|Any CPU
		{2138F906-2B69-4A26-934A-B4115ADED014}.Debug|Any CPU.Build.0 = Debug|Any CPU
		{2138F906-2B69-4A26-934A-B4115ADED014}.Release|Any CPU.ActiveCfg = Release|Any CPU
		{2138F906-2B69-4A26-934A-B4115ADED014}.Release|Any CPU.Build.0 = Release|Any CPU
	EndGlobalSection
	GlobalSection(SolutionProperties) = preSolution
		HideSolutionNode = FALSE
	EndGlobalSection
	GlobalSection(ExtensibilityGlobals) = postSolution
		SolutionGuid = {4C0A5DA9-CE80-4127-BA4A-36B574CBF620}
	EndGlobalSection
EndGlobal
